
Microsoft Visual Studio Solution File, Format Version 12.00
# Visual Studio Version 16
VisualStudioVersion = 16.0.30621.155
MinimumVisualStudioVersion = 10.0.40219.1
Project("{9A19103F-16F7-4668-BE54-9A1E7A4F7556}") = "SharpIpp", "SharpIpp.csproj", "{4718D86A-C465-43C7-8A36-959F53C8E6DB}"
EndProject
Project("{9A19103F-16F7-4668-BE54-9A1E7A4F7556}") = "SharpIpp.Tests", "..\SharpIpp.Tests\SharpIpp.Tests.csproj", "{04CB48CC-C2D2-4861-888A-0F5A65EA5851}"
EndProject
Global
	GlobalSection(SolutionConfigurationPlatforms) = preSolution
		Debug|Any CPU = Debug|Any CPU
		Release|Any CPU = Release|Any CPU
	EndGlobalSection
	GlobalSection(ProjectConfigurationPlatforms) = postSolution
		{4718D86A-C465-43C7-8A36-959F53C8E6DB}.Debug|Any CPU.ActiveCfg = Debug|Any CPU
		{4718D86A-C465-43C7-8A36-959F53C8E6DB}.Debug|Any CPU.Build.0 = Debug|Any CPU
		{4718D86A-C465-43C7-8A36-959F53C8E6DB}.Release|Any CPU.ActiveCfg = Release|Any CPU
		{4718D86A-C465-43C7-8A36-959F53C8E6DB}.Release|Any CPU.Build.0 = Release|Any CPU
		{04CB48CC-C2D2-4861-888A-0F5A65EA5851}.Debug|Any CPU.ActiveCfg = Debug|Any CPU
		{04CB48CC-C2D2-4861-888A-0F5A65EA5851}.Debug|Any CPU.Build.0 = Debug|Any CPU
		{04CB48CC-C2D2-4861-888A-0F5A65EA5851}.Release|Any CPU.ActiveCfg = Release|Any CPU
		{04CB48CC-C2D2-4861-888A-0F5A65EA5851}.Release|Any CPU.Build.0 = Release|Any CPU
	EndGlobalSection
	GlobalSection(SolutionProperties) = preSolution
		HideSolutionNode = FALSE
	EndGlobalSection
	GlobalSection(ExtensibilityGlobals) = postSolution
		SolutionGuid = {6BCD434C-5FA7-4D0B-AB23-E6059E122184}
	EndGlobalSection
EndGlobal
